
Microsoft Visual Studio Solution File, Format Version 12.00
# Visual Studio Version 16
VisualStudioVersion = 16.0.29519.161
MinimumVisualStudioVersion = 10.0.40219.1
Project("{FAE04EC0-301F-11D3-BF4B-00C04F79EFBC}") = "Fss.Outlook.App01", "Fss.Outlook.App01\Fss.Outlook.App01.csproj", "{D2565EE6-AC87-4271-83B2-F7B0354C229E}"
EndProject
Global
	GlobalSection(SolutionConfigurationPlatforms) = preSolution
		Debug|Any CPU = Debug|Any CPU
		Release|Any CPU = Release|Any CPU
	EndGlobalSection
	GlobalSection(ProjectConfigurationPlatforms) = postSolution
		{D2565EE6-AC87-4271-83B2-F7B0354C229E}.Debug|Any CPU.ActiveCfg = Debug|Any CPU
		{D2565EE6-AC87-4271-83B2-F7B0354C229E}.Debug|Any CPU.Build.0 = Debug|Any CPU
		{D2565EE6-AC87-4271-83B2-F7B0354C229E}.Release|Any CPU.ActiveCfg = Release|Any CPU
		{D2565EE6-AC87-4271-83B2-F7B0354C229E}.Release|Any CPU.Build.0 = Release|Any CPU
	EndGlobalSection
	GlobalSection(SolutionProperties) = preSolution
		HideSolutionNode = FALSE
	EndGlobalSection
	GlobalSection(ExtensibilityGlobals) = postSolution
		SolutionGuid = {5855CB29-A418-412C-8CE5-5829440F3A5A}
	EndGlobalSection
EndGlobal
